
Microsoft Visual Studio Solution File, Format Version 12.00
# Visual Studio Version 17
VisualStudioVersion = 17.14.36930.0 d17.14
MinimumVisualStudioVersion = 10.0.40219.1
Project("{FAE04EC0-301F-11D3-BF4B-00C04F79EFBC}") = "question-6", "question-6.csproj", "{B2916C32-4727-4C53-AF61-228D4310A98D}"
EndProject
Global
	GlobalSection(SolutionConfigurationPlatforms) = preSolution
		Debug|Any CPU = Debug|Any CPU
		Release|Any CPU = Release|Any CPU
	EndGlobalSection
	GlobalSection(ProjectConfigurationPlatforms) = postSolution
		{B2916C32-4727-4C53-AF61-228D4310A98D}.Debug|Any CPU.ActiveCfg = Debug|Any CPU
		{B2916C32-4727-4C53-AF61-228D4310A98D}.Debug|Any CPU.Build.0 = Debug|Any CPU
		{B2916C32-4727-4C53-AF61-228D4310A98D}.Release|Any CPU.ActiveCfg = Release|Any CPU
		{B2916C32-4727-4C53-AF61-228D4310A98D}.Release|Any CPU.Build.0 = Release|Any CPU
	EndGlobalSection
	GlobalSection(SolutionProperties) = preSolution
		HideSolutionNode = FALSE
	EndGlobalSection
	GlobalSection(ExtensibilityGlobals) = postSolution
		SolutionGuid = {0309DAC2-FF8C-4B33-A2E3-A517D2BA03A5}
	EndGlobalSection
EndGlobal
